
Microsoft Visual Studio Solution File, Format Version 12.00
# Visual Studio 2012
Project("{FAE04EC0-301F-11D3-BF4B-00C04F79EFBC}") = "UCI", "UCI\UCI.csproj", "{C6941762-5DCF-4EAA-B015-131D2C5649DA}"
EndProject
Global
	GlobalSection(SolutionConfigurationPlatforms) = preSolution
		Debug|Any CPU = Debug|Any CPU
		Release|Any CPU = Release|Any CPU
	EndGlobalSection
	GlobalSection(ProjectConfigurationPlatforms) = postSolution
		{C6941762-5DCF-4EAA-B015-131D2C5649DA}.Debug|Any CPU.ActiveCfg = Debug|Any CPU
		{C6941762-5DCF-4EAA-B015-131D2C5649DA}.Debug|Any CPU.Build.0 = Debug|Any CPU
		{C6941762-5DCF-4EAA-B015-131D2C5649DA}.Release|Any CPU.ActiveCfg = Release|Any CPU
		{C6941762-5DCF-4EAA-B015-131D2C5649DA}.Release|Any CPU.Build.0 = Release|Any CPU
	EndGlobalSection
	GlobalSection(SolutionProperties) = preSolution
		HideSolutionNode = FALSE
	EndGlobalSection
EndGlobal
